
Microsoft Visual Studio Solution File, Format Version 12.00
# Visual Studio 15
VisualStudioVersion = 15.0.26430.12
MinimumVisualStudioVersion = 10.0.40219.1
Project("{FAE04EC0-301F-11D3-BF4B-00C04F79EFBC}") = "Card1", "Card1\Card1.csproj", "{08607569-57B8-47F8-BDBA-BACF7D685F29}"
EndProject
Project("{2150E333-8FDC-42A3-9474-1A3956D46DE8}") = "Solution Items", "Solution Items", "{02D859AE-BFBA-4F4B-8D0A-FCF4C29331BB}"
	ProjectSection(SolutionItems) = preProject
		Card.cs = Card.cs
	EndProjectSection
EndProject
Global
	GlobalSection(SolutionConfigurationPlatforms) = preSolution
		Debug|Any CPU = Debug|Any CPU
		Release|Any CPU = Release|Any CPU
	EndGlobalSection
	GlobalSection(ProjectConfigurationPlatforms) = postSolution
		{08607569-57B8-47F8-BDBA-BACF7D685F29}.Debug|Any CPU.ActiveCfg = Debug|Any CPU
		{08607569-57B8-47F8-BDBA-BACF7D685F29}.Debug|Any CPU.Build.0 = Debug|Any CPU
		{08607569-57B8-47F8-BDBA-BACF7D685F29}.Release|Any CPU.ActiveCfg = Release|Any CPU
		{08607569-57B8-47F8-BDBA-BACF7D685F29}.Release|Any CPU.Build.0 = Release|Any CPU
	EndGlobalSection
	GlobalSection(SolutionProperties) = preSolution
		HideSolutionNode = FALSE
	EndGlobalSection
EndGlobal
